
Microsoft Visual Studio Solution File, Format Version 12.00
# Visual Studio Version 17
VisualStudioVersion = 17.4.33110.190
MinimumVisualStudioVersion = 10.0.40219.1
Project("{FAE04EC0-301F-11D3-BF4B-00C04F79EFBC}") = "ListBasics", "ListBasics\ListBasics.csproj", "{6E37EEA8-33BF-43A9-B704-C0CFF7ABB9EA}"
EndProject
Global
	GlobalSection(SolutionConfigurationPlatforms) = preSolution
		Debug|Any CPU = Debug|Any CPU
		Release|Any CPU = Release|Any CPU
	EndGlobalSection
	GlobalSection(ProjectConfigurationPlatforms) = postSolution
		{6E37EEA8-33BF-43A9-B704-C0CFF7ABB9EA}.Debug|Any CPU.ActiveCfg = Debug|Any CPU
		{6E37EEA8-33BF-43A9-B704-C0CFF7ABB9EA}.Debug|Any CPU.Build.0 = Debug|Any CPU
		{6E37EEA8-33BF-43A9-B704-C0CFF7ABB9EA}.Release|Any CPU.ActiveCfg = Release|Any CPU
		{6E37EEA8-33BF-43A9-B704-C0CFF7ABB9EA}.Release|Any CPU.Build.0 = Release|Any CPU
	EndGlobalSection
	GlobalSection(SolutionProperties) = preSolution
		HideSolutionNode = FALSE
	EndGlobalSection
	GlobalSection(ExtensibilityGlobals) = postSolution
		SolutionGuid = {36AB6233-12A2-4812-914C-C4D1A507302A}
	EndGlobalSection
EndGlobal
