
Microsoft Visual Studio Solution File, Format Version 12.00
# Visual Studio Version 17
VisualStudioVersion = 17.0.31903.59
MinimumVisualStudioVersion = 10.0.40219.1
Project("{2150E333-8FDC-42A3-9474-1A3956D46DE8}") = "Apps", "Apps", "{E170C4C6-D36B-414B-AA62-2FB22E56DE70}"
EndProject
Project("{9A19103F-16F7-4668-BE54-9A1E7A4F7556}") = "ArrayConsoleApp", "Apps\ArrayConsoleApp\ArrayConsoleApp.csproj", "{F350F951-B389-4D75-A66C-3B5269E9DD7C}"
EndProject
Project("{9A19103F-16F7-4668-BE54-9A1E7A4F7556}") = "CollectionConsoleApp", "Apps\CollectionConsoleApp\CollectionConsoleApp.csproj", "{F91E8C6C-BAE6-4557-86CE-CF758849C079}"
EndProject
Project("{9A19103F-16F7-4668-BE54-9A1E7A4F7556}") = "LinkedListConsoleApp", "Apps\LinkedListConsoleApp\LinkedListConsoleApp.csproj", "{7566BC1D-1B56-422A-989A-1986AD613B60}"
EndProject
Project("{2150E333-8FDC-42A3-9474-1A3956D46DE8}") = "DataStructures", "DataStructures", "{7549C033-558D-4992-B2A8-BB115FDAC7C5}"
EndProject
Project("{9A19103F-16F7-4668-BE54-9A1E7A4F7556}") = "Array", "DataStructures\Array\Array.csproj", "{1574A660-CE34-42FC-9002-7EE9379DEF9E}"
EndProject
Project("{9A19103F-16F7-4668-BE54-9A1E7A4F7556}") = "LinkedList", "DataStructures\LinkedList\LinkedList.csproj", "{C86DB864-4E7A-4D19-B990-6E51BEB21689}"
EndProject
Project("{2150E333-8FDC-42A3-9474-1A3956D46DE8}") = "Tests", "Tests", "{6235409D-1923-4442-BB35-8357CDE32D91}"
EndProject
Project("{9A19103F-16F7-4668-BE54-9A1E7A4F7556}") = "ArrayTests", "Tests\ArrayTests\ArrayTests.csproj", "{B2279BFB-BE0E-46F0-A0AC-581545611F64}"
EndProject
Project("{9A19103F-16F7-4668-BE54-9A1E7A4F7556}") = "CollectionTests", "Tests\CollectionTests\CollectionTests.csproj", "{AAE98AE8-D8B6-4D7B-8DD4-37A5342EB3D4}"
EndProject
Project("{9A19103F-16F7-4668-BE54-9A1E7A4F7556}") = "ListTests", "Tests\ListTests\ListTests.csproj", "{D9ADBBE7-83AE-495F-86ED-12F2B1545CEA}"
EndProject
Project("{9A19103F-16F7-4668-BE54-9A1E7A4F7556}") = "SinglyLinkedListTests", "Tests\SinglyLinkedListTests\SinglyLinkedListTests.csproj", "{3AFD659A-41D5-43F2-9494-9ED4551589E2}"
EndProject
Project("{9A19103F-16F7-4668-BE54-9A1E7A4F7556}") = "Stack", "DataStructures\Stack\Stack.csproj", "{477350BE-8197-46F8-BFC6-FEB2E1B543F7}"
EndProject
Project("{9A19103F-16F7-4668-BE54-9A1E7A4F7556}") = "DoublyLinkedListTest", "Tests\DoublyLinkedListTest\DoublyLinkedListTest.csproj", "{C6E0456E-F15D-4084-83E8-622852B3D438}"
EndProject
Project("{9A19103F-16F7-4668-BE54-9A1E7A4F7556}") = "StackTests", "Tests\StackTests\StackTests.csproj", "{BC55027A-515F-452B-B401-2EB42BBF164B}"
EndProject
Project("{9A19103F-16F7-4668-BE54-9A1E7A4F7556}") = "QueueTest", "Tests\QueueTest\QueueTest.csproj", "{892C4838-D685-484C-A910-69A01C695858}"
EndProject
Project("{9A19103F-16F7-4668-BE54-9A1E7A4F7556}") = "Queue", "DataStructures\Queue\Queue.csproj", "{12B86403-4A5E-4EC3-806F-575CBF321F8E}"
EndProject
Project("{9A19103F-16F7-4668-BE54-9A1E7A4F7556}") = "BigOWebApp", "Apps\BigOWebApp\BigOWebApp.csproj", "{89556C77-13CC-43D4-8AE9-A1EBFDA5824F}"
EndProject
Project("{2150E333-8FDC-42A3-9474-1A3956D46DE8}") = "SortingsAlgorithms", "SortingsAlgorithms", "{71DC59EB-3683-468C-8AB5-8478E8D0779A}"
EndProject
Project("{9A19103F-16F7-4668-BE54-9A1E7A4F7556}") = "SortingAlgorithms", "SortingAlgorithms\SortingAlgorithms.csproj", "{F5DB4C1B-6549-487D-95D9-08AED9FB6414}"
EndProject
Project("{9A19103F-16F7-4668-BE54-9A1E7A4F7556}") = "SortingAlgorithmsTests", "Tests\SortingAlgorithmTests\SortingAlgorithmsTests.csproj", "{312F16D1-B266-438B-8F7E-E2705026009A}"
EndProject
Project("{2150E333-8FDC-42A3-9474-1A3956D46DE8}") = "Shared", "Shared", "{DA6062A7-56C0-4F85-9470-844DC4454871}"
EndProject
Project("{9A19103F-16F7-4668-BE54-9A1E7A4F7556}") = "Utilities", "Shared\Utilities\Utilities.csproj", "{0AC8B78D-CC25-42BC-B92B-F64B2705EFFD}"
EndProject
Project("{9A19103F-16F7-4668-BE54-9A1E7A4F7556}") = "RecursiveApp", "Apps\RecursiveApp\RecursiveApp.csproj", "{105EFB75-F24B-4F90-A2CD-B53304848683}"
EndProject
Project("{FAE04EC0-301F-11D3-BF4B-00C04F79EFBC}") = "SortingAlgorithmsApp", "SortingAlgorithmsApp\SortingAlgorithmsApp.csproj", "{CB42FFD3-EFFF-449E-8128-CE57DA79EEFD}"
EndProject
Global
	GlobalSection(SolutionConfigurationPlatforms) = preSolution
		Debug|Any CPU = Debug|Any CPU
		Release|Any CPU = Release|Any CPU
	EndGlobalSection
	GlobalSection(ProjectConfigurationPlatforms) = postSolution
		{F350F951-B389-4D75-A66C-3B5269E9DD7C}.Debug|Any CPU.ActiveCfg = Debug|Any CPU
		{F350F951-B389-4D75-A66C-3B5269E9DD7C}.Debug|Any CPU.Build.0 = Debug|Any CPU
		{F350F951-B389-4D75-A66C-3B5269E9DD7C}.Release|Any CPU.ActiveCfg = Release|Any CPU
		{F350F951-B389-4D75-A66C-3B5269E9DD7C}.Release|Any CPU.Build.0 = Release|Any CPU
		{F91E8C6C-BAE6-4557-86CE-CF758849C079}.Debug|Any CPU.ActiveCfg = Debug|Any CPU
		{F91E8C6C-BAE6-4557-86CE-CF758849C079}.Debug|Any CPU.Build.0 = Debug|Any CPU
		{F91E8C6C-BAE6-4557-86CE-CF758849C079}.Release|Any CPU.ActiveCfg = Release|Any CPU
		{F91E8C6C-BAE6-4557-86CE-CF758849C079}.Release|Any CPU.Build.0 = Release|Any CPU
		{7566BC1D-1B56-422A-989A-1986AD613B60}.Debug|Any CPU.ActiveCfg = Debug|Any CPU
		{7566BC1D-1B56-422A-989A-1986AD613B60}.Debug|Any CPU.Build.0 = Debug|Any CPU
		{7566BC1D-1B56-422A-989A-1986AD613B60}.Release|Any CPU.ActiveCfg = Release|Any CPU
		{7566BC1D-1B56-422A-989A-1986AD613B60}.Release|Any CPU.Build.0 = Release|Any CPU
		{1574A660-CE34-42FC-9002-7EE9379DEF9E}.Debug|Any CPU.ActiveCfg = Debug|Any CPU
		{1574A660-CE34-42FC-9002-7EE9379DEF9E}.Debug|Any CPU.Build.0 = Debug|Any CPU
		{1574A660-CE34-42FC-9002-7EE9379DEF9E}.Release|Any CPU.ActiveCfg = Release|Any CPU
		{1574A660-CE34-42FC-9002-7EE9379DEF9E}.Release|Any CPU.Build.0 = Release|Any CPU
		{C86DB864-4E7A-4D19-B990-6E51BEB21689}.Debug|Any CPU.ActiveCfg = Debug|Any CPU
		{C86DB864-4E7A-4D19-B990-6E51BEB21689}.Debug|Any CPU.Build.0 = Debug|Any CPU
		{C86DB864-4E7A-4D19-B990-6E51BEB21689}.Release|Any CPU.ActiveCfg = Release|Any CPU
		{C86DB864-4E7A-4D19-B990-6E51BEB21689}.Release|Any CPU.Build.0 = Release|Any CPU
		{B2279BFB-BE0E-46F0-A0AC-581545611F64}.Debug|Any CPU.ActiveCfg = Debug|Any CPU
		{B2279BFB-BE0E-46F0-A0AC-581545611F64}.Debug|Any CPU.Build.0 = Debug|Any CPU
		{B2279BFB-BE0E-46F0-A0AC-581545611F64}.Release|Any CPU.ActiveCfg = Release|Any CPU
		{B2279BFB-BE0E-46F0-A0AC-581545611F64}.Release|Any CPU.Build.0 = Release|Any CPU
		{AAE98AE8-D8B6-4D7B-8DD4-37A5342EB3D4}.Debug|Any CPU.ActiveCfg = Debug|Any CPU
		{AAE98AE8-D8B6-4D7B-8DD4-37A5342EB3D4}.Debug|Any CPU.Build.0 = Debug|Any CPU
		{AAE98AE8-D8B6-4D7B-8DD4-37A5342EB3D4}.Release|Any CPU.ActiveCfg = Release|Any CPU
		{AAE98AE8-D8B6-4D7B-8DD4-37A5342EB3D4}.Release|Any CPU.Build.0 = Release|Any CPU
		{D9ADBBE7-83AE-495F-86ED-12F2B1545CEA}.Debug|Any CPU.ActiveCfg = Debug|Any CPU
		{D9ADBBE7-83AE-495F-86ED-12F2B1545CEA}.Debug|Any CPU.Build.0 = Debug|Any CPU
		{D9ADBBE7-83AE-495F-86ED-12F2B1545CEA}.Release|Any CPU.ActiveCfg = Release|Any CPU
		{D9ADBBE7-83AE-495F-86ED-12F2B1545CEA}.Release|Any CPU.Build.0 = Release|Any CPU
		{3AFD659A-41D5-43F2-9494-9ED4551589E2}.Debug|Any CPU.ActiveCfg = Debug|Any CPU
		{3AFD659A-41D5-43F2-9494-9ED4551589E2}.Debug|Any CPU.Build.0 = Debug|Any CPU
		{3AFD659A-41D5-43F2-9494-9ED4551589E2}.Release|Any CPU.ActiveCfg = Release|Any CPU
		{3AFD659A-41D5-43F2-9494-9ED4551589E2}.Release|Any CPU.Build.0 = Release|Any CPU
		{477350BE-8197-46F8-BFC6-FEB2E1B543F7}.Debug|Any CPU.ActiveCfg = Debug|Any CPU
		{477350BE-8197-46F8-BFC6-FEB2E1B543F7}.Debug|Any CPU.Build.0 = Debug|Any CPU
		{477350BE-8197-46F8-BFC6-FEB2E1B543F7}.Release|Any CPU.ActiveCfg = Release|Any CPU
		{477350BE-8197-46F8-BFC6-FEB2E1B543F7}.Release|Any CPU.Build.0 = Release|Any CPU
		{C6E0456E-F15D-4084-83E8-622852B3D438}.Debug|Any CPU.ActiveCfg = Debug|Any CPU
		{C6E0456E-F15D-4084-83E8-622852B3D438}.Debug|Any CPU.Build.0 = Debug|Any CPU
		{C6E0456E-F15D-4084-83E8-622852B3D438}.Release|Any CPU.ActiveCfg = Release|Any CPU
		{C6E0456E-F15D-4084-83E8-622852B3D438}.Release|Any CPU.Build.0 = Release|Any CPU
		{BC55027A-515F-452B-B401-2EB42BBF164B}.Debug|Any CPU.ActiveCfg = Debug|Any CPU
		{BC55027A-515F-452B-B401-2EB42BBF164B}.Debug|Any CPU.Build.0 = Debug|Any CPU
		{BC55027A-515F-452B-B401-2EB42BBF164B}.Release|Any CPU.ActiveCfg = Release|Any CPU
		{BC55027A-515F-452B-B401-2EB42BBF164B}.Release|Any CPU.Build.0 = Release|Any CPU
		{892C4838-D685-484C-A910-69A01C695858}.Debug|Any CPU.ActiveCfg = Debug|Any CPU
		{892C4838-D685-484C-A910-69A01C695858}.Debug|Any CPU.Build.0 = Debug|Any CPU
		{892C4838-D685-484C-A910-69A01C695858}.Release|Any CPU.ActiveCfg = Release|Any CPU
		{892C4838-D685-484C-A910-69A01C695858}.Release|Any CPU.Build.0 = Release|Any CPU
		{12B86403-4A5E-4EC3-806F-575CBF321F8E}.Debug|Any CPU.ActiveCfg = Debug|Any CPU
		{12B86403-4A5E-4EC3-806F-575CBF321F8E}.Debug|Any CPU.Build.0 = Debug|Any CPU
		{12B86403-4A5E-4EC3-806F-575CBF321F8E}.Release|Any CPU.ActiveCfg = Release|Any CPU
		{12B86403-4A5E-4EC3-806F-575CBF321F8E}.Release|Any CPU.Build.0 = Release|Any CPU
		{89556C77-13CC-43D4-8AE9-A1EBFDA5824F}.Debug|Any CPU.ActiveCfg = Debug|Any CPU
		{89556C77-13CC-43D4-8AE9-A1EBFDA5824F}.Debug|Any CPU.Build.0 = Debug|Any CPU
		{89556C77-13CC-43D4-8AE9-A1EBFDA5824F}.Release|Any CPU.ActiveCfg = Release|Any CPU
		{89556C77-13CC-43D4-8AE9-A1EBFDA5824F}.Release|Any CPU.Build.0 = Release|Any CPU
		{F5DB4C1B-6549-487D-95D9-08AED9FB6414}.Debug|Any CPU.ActiveCfg = Debug|Any CPU
		{F5DB4C1B-6549-487D-95D9-08AED9FB6414}.Debug|Any CPU.Build.0 = Debug|Any CPU
		{F5DB4C1B-6549-487D-95D9-08AED9FB6414}.Release|Any CPU.ActiveCfg = Release|Any CPU
		{F5DB4C1B-6549-487D-95D9-08AED9FB6414}.Release|Any CPU.Build.0 = Release|Any CPU
		{312F16D1-B266-438B-8F7E-E2705026009A}.Debug|Any CPU.ActiveCfg = Debug|Any CPU
		{312F16D1-B266-438B-8F7E-E2705026009A}.Debug|Any CPU.Build.0 = Debug|Any CPU
		{312F16D1-B266-438B-8F7E-E2705026009A}.Release|Any CPU.ActiveCfg = Release|Any CPU
		{312F16D1-B266-438B-8F7E-E2705026009A}.Release|Any CPU.Build.0 = Release|Any CPU
		{0AC8B78D-CC25-42BC-B92B-F64B2705EFFD}.Debug|Any CPU.ActiveCfg = Debug|Any CPU
		{0AC8B78D-CC25-42BC-B92B-F64B2705EFFD}.Debug|Any CPU.Build.0 = Debug|Any CPU
		{0AC8B78D-CC25-42BC-B92B-F64B2705EFFD}.Release|Any CPU.ActiveCfg = Release|Any CPU
		{0AC8B78D-CC25-42BC-B92B-F64B2705EFFD}.Release|Any CPU.Build.0 = Release|Any CPU
		{105EFB75-F24B-4F90-A2CD-B53304848683}.Debug|Any CPU.ActiveCfg = Debug|Any CPU
		{105EFB75-F24B-4F90-A2CD-B53304848683}.Debug|Any CPU.Build.0 = Debug|Any CPU
		{105EFB75-F24B-4F90-A2CD-B53304848683}.Release|Any CPU.ActiveCfg = Release|Any CPU
		{105EFB75-F24B-4F90-A2CD-B53304848683}.Release|Any CPU.Build.0 = Release|Any CPU
		{CB42FFD3-EFFF-449E-8128-CE57DA79EEFD}.Debug|Any CPU.ActiveCfg = Debug|Any CPU
		{CB42FFD3-EFFF-449E-8128-CE57DA79EEFD}.Debug|Any CPU.Build.0 = Debug|Any CPU
		{CB42FFD3-EFFF-449E-8128-CE57DA79EEFD}.Release|Any CPU.ActiveCfg = Release|Any CPU
		{CB42FFD3-EFFF-449E-8128-CE57DA79EEFD}.Release|Any CPU.Build.0 = Release|Any CPU
	EndGlobalSection
	GlobalSection(SolutionProperties) = preSolution
		HideSolutionNode = FALSE
	EndGlobalSection
	GlobalSection(NestedProjects) = preSolution
		{F350F951-B389-4D75-A66C-3B5269E9DD7C} = {E170C4C6-D36B-414B-AA62-2FB22E56DE70}
		{F91E8C6C-BAE6-4557-86CE-CF758849C079} = {E170C4C6-D36B-414B-AA62-2FB22E56DE70}
		{7566BC1D-1B56-422A-989A-1986AD613B60} = {E170C4C6-D36B-414B-AA62-2FB22E56DE70}
		{1574A660-CE34-42FC-9002-7EE9379DEF9E} = {7549C033-558D-4992-B2A8-BB115FDAC7C5}
		{C86DB864-4E7A-4D19-B990-6E51BEB21689} = {7549C033-558D-4992-B2A8-BB115FDAC7C5}
		{B2279BFB-BE0E-46F0-A0AC-581545611F64} = {6235409D-1923-4442-BB35-8357CDE32D91}
		{AAE98AE8-D8B6-4D7B-8DD4-37A5342EB3D4} = {6235409D-1923-4442-BB35-8357CDE32D91}
		{D9ADBBE7-83AE-495F-86ED-12F2B1545CEA} = {6235409D-1923-4442-BB35-8357CDE32D91}
		{3AFD659A-41D5-43F2-9494-9ED4551589E2} = {6235409D-1923-4442-BB35-8357CDE32D91}
		{477350BE-8197-46F8-BFC6-FEB2E1B543F7} = {7549C033-558D-4992-B2A8-BB115FDAC7C5}
		{C6E0456E-F15D-4084-83E8-622852B3D438} = {6235409D-1923-4442-BB35-8357CDE32D91}
		{BC55027A-515F-452B-B401-2EB42BBF164B} = {6235409D-1923-4442-BB35-8357CDE32D91}
		{892C4838-D685-484C-A910-69A01C695858} = {6235409D-1923-4442-BB35-8357CDE32D91}
		{12B86403-4A5E-4EC3-806F-575CBF321F8E} = {7549C033-558D-4992-B2A8-BB115FDAC7C5}
		{89556C77-13CC-43D4-8AE9-A1EBFDA5824F} = {E170C4C6-D36B-414B-AA62-2FB22E56DE70}
		{F5DB4C1B-6549-487D-95D9-08AED9FB6414} = {71DC59EB-3683-468C-8AB5-8478E8D0779A}
		{312F16D1-B266-438B-8F7E-E2705026009A} = {6235409D-1923-4442-BB35-8357CDE32D91}
		{0AC8B78D-CC25-42BC-B92B-F64B2705EFFD} = {DA6062A7-56C0-4F85-9470-844DC4454871}
		{105EFB75-F24B-4F90-A2CD-B53304848683} = {E170C4C6-D36B-414B-AA62-2FB22E56DE70}
		{CB42FFD3-EFFF-449E-8128-CE57DA79EEFD} = {E170C4C6-D36B-414B-AA62-2FB22E56DE70}
	EndGlobalSection
	GlobalSection(ExtensibilityGlobals) = postSolution
		SolutionGuid = {99227D7D-357F-4559-8263-745D037EEFC5}
	EndGlobalSection
EndGlobal
