
Microsoft Visual Studio Solution File, Format Version 12.00
# Visual Studio Version 17
VisualStudioVersion = 17.5.33424.131
MinimumVisualStudioVersion = 10.0.40219.1
Project("{9A19103F-16F7-4668-BE54-9A1E7A4F7556}") = "Array", "..\DataStructures\Array\Array.csproj", "{E237EA85-F1A7-430A-BE14-26DD489B9B15}"
EndProject
Project("{9A19103F-16F7-4668-BE54-9A1E7A4F7556}") = "ArrayTests", "..\Tests\ArrayTests\ArrayTests.csproj", "{8459119E-7874-4ABE-8A40-4D365C671331}"
EndProject
Project("{2150E333-8FDC-42A3-9474-1A3956D46DE8}") = "DataStructures", "DataStructures", "{6C95DEA1-4A98-48A8-BE93-C12434A65533}"
EndProject
Project("{2150E333-8FDC-42A3-9474-1A3956D46DE8}") = "Tests", "Tests", "{12ACD8DD-772A-4314-908F-6F15CC586745}"
EndProject
Project("{9A19103F-16F7-4668-BE54-9A1E7A4F7556}") = "LinkedList", "..\DataStructures\LinkedList\LinkedList.csproj", "{CE41BD58-D1BD-45C2-97DA-B2931E9CA66D}"
EndProject
Project("{9A19103F-16F7-4668-BE54-9A1E7A4F7556}") = "DoublyLinkedListTest", "..\Tests\DoublyLinkedListTest\DoublyLinkedListTest.csproj", "{B7DDDCF2-5EB1-473C-BAA2-F9BA8AC6B58B}"
EndProject
Project("{9A19103F-16F7-4668-BE54-9A1E7A4F7556}") = "SinglyLinkedListTests", "..\Tests\SinglyLinkedListTests\SinglyLinkedListTests.csproj", "{3D48221B-007F-469C-9351-999C6610E8AE}"
EndProject
Project("{9A19103F-16F7-4668-BE54-9A1E7A4F7556}") = "Queue", "..\DataStructures\Queue\Queue.csproj", "{2116370F-9A30-43D6-9278-8FEC382CE3D4}"
EndProject
Project("{9A19103F-16F7-4668-BE54-9A1E7A4F7556}") = "QueueTest", "..\Tests\ArraYQueueTest\QueueTest.csproj", "{BE358755-D66F-4DC2-A690-DC8A2550ECC7}"
EndProject
Project("{9A19103F-16F7-4668-BE54-9A1E7A4F7556}") = "SortingAlgorithms", "..\SortingAlgorithms\SortingAlgorithms\SortingAlgorithms.csproj", "{6BAA081D-7FEC-421E-9749-9C554C340AAF}"
EndProject
Project("{2150E333-8FDC-42A3-9474-1A3956D46DE8}") = "Sorting", "Sorting", "{1625374F-87BF-46D2-81C8-7E892DD7DF2B}"
EndProject
Project("{9A19103F-16F7-4668-BE54-9A1E7A4F7556}") = "SortingAlgorithmTests", "..\Tests\SortingAlgorithms\SortingAlgorithmTests.csproj", "{5B4BC51A-D722-4114-A903-122E0A3BDFFA}"
EndProject
Project("{2150E333-8FDC-42A3-9474-1A3956D46DE8}") = "Apps", "Apps", "{99EE958F-5EA4-48EF-B4EA-07FDF1D5254B}"
EndProject
Project("{9A19103F-16F7-4668-BE54-9A1E7A4F7556}") = "DataStructureApp", "..\Apps\DataStructureApp\DataStructureApp.csproj", "{CEB3EDA2-6AAF-4F1F-8E9D-5EBA328C64EA}"
EndProject
Project("{9A19103F-16F7-4668-BE54-9A1E7A4F7556}") = "Trees", "..\DataStructures\Trees\Trees.csproj", "{3172A296-8C07-4ABE-9591-66A39CD34532}"
EndProject
Project("{FAE04EC0-301F-11D3-BF4B-00C04F79EFBC}") = "BinaryTreeTests", "..\Tests\BinaryTreeTests\BinaryTreeTests.csproj", "{FDBDC6FB-2456-48B6-B6C5-3AE40ABA8C4D}"
EndProject
Global
	GlobalSection(SolutionConfigurationPlatforms) = preSolution
		Debug|Any CPU = Debug|Any CPU
		Release|Any CPU = Release|Any CPU
	EndGlobalSection
	GlobalSection(ProjectConfigurationPlatforms) = postSolution
		{E237EA85-F1A7-430A-BE14-26DD489B9B15}.Debug|Any CPU.ActiveCfg = Debug|Any CPU
		{E237EA85-F1A7-430A-BE14-26DD489B9B15}.Debug|Any CPU.Build.0 = Debug|Any CPU
		{E237EA85-F1A7-430A-BE14-26DD489B9B15}.Release|Any CPU.ActiveCfg = Release|Any CPU
		{E237EA85-F1A7-430A-BE14-26DD489B9B15}.Release|Any CPU.Build.0 = Release|Any CPU
		{8459119E-7874-4ABE-8A40-4D365C671331}.Debug|Any CPU.ActiveCfg = Debug|Any CPU
		{8459119E-7874-4ABE-8A40-4D365C671331}.Debug|Any CPU.Build.0 = Debug|Any CPU
		{8459119E-7874-4ABE-8A40-4D365C671331}.Release|Any CPU.ActiveCfg = Release|Any CPU
		{8459119E-7874-4ABE-8A40-4D365C671331}.Release|Any CPU.Build.0 = Release|Any CPU
		{CE41BD58-D1BD-45C2-97DA-B2931E9CA66D}.Debug|Any CPU.ActiveCfg = Debug|Any CPU
		{CE41BD58-D1BD-45C2-97DA-B2931E9CA66D}.Debug|Any CPU.Build.0 = Debug|Any CPU
		{CE41BD58-D1BD-45C2-97DA-B2931E9CA66D}.Release|Any CPU.ActiveCfg = Release|Any CPU
		{CE41BD58-D1BD-45C2-97DA-B2931E9CA66D}.Release|Any CPU.Build.0 = Release|Any CPU
		{B7DDDCF2-5EB1-473C-BAA2-F9BA8AC6B58B}.Debug|Any CPU.ActiveCfg = Debug|Any CPU
		{B7DDDCF2-5EB1-473C-BAA2-F9BA8AC6B58B}.Debug|Any CPU.Build.0 = Debug|Any CPU
		{B7DDDCF2-5EB1-473C-BAA2-F9BA8AC6B58B}.Release|Any CPU.ActiveCfg = Release|Any CPU
		{B7DDDCF2-5EB1-473C-BAA2-F9BA8AC6B58B}.Release|Any CPU.Build.0 = Release|Any CPU
		{3D48221B-007F-469C-9351-999C6610E8AE}.Debug|Any CPU.ActiveCfg = Debug|Any CPU
		{3D48221B-007F-469C-9351-999C6610E8AE}.Debug|Any CPU.Build.0 = Debug|Any CPU
		{3D48221B-007F-469C-9351-999C6610E8AE}.Release|Any CPU.ActiveCfg = Release|Any CPU
		{3D48221B-007F-469C-9351-999C6610E8AE}.Release|Any CPU.Build.0 = Release|Any CPU
		{2116370F-9A30-43D6-9278-8FEC382CE3D4}.Debug|Any CPU.ActiveCfg = Debug|Any CPU
		{2116370F-9A30-43D6-9278-8FEC382CE3D4}.Debug|Any CPU.Build.0 = Debug|Any CPU
		{2116370F-9A30-43D6-9278-8FEC382CE3D4}.Release|Any CPU.ActiveCfg = Release|Any CPU
		{2116370F-9A30-43D6-9278-8FEC382CE3D4}.Release|Any CPU.Build.0 = Release|Any CPU
		{BE358755-D66F-4DC2-A690-DC8A2550ECC7}.Debug|Any CPU.ActiveCfg = Debug|Any CPU
		{BE358755-D66F-4DC2-A690-DC8A2550ECC7}.Debug|Any CPU.Build.0 = Debug|Any CPU
		{BE358755-D66F-4DC2-A690-DC8A2550ECC7}.Release|Any CPU.ActiveCfg = Release|Any CPU
		{BE358755-D66F-4DC2-A690-DC8A2550ECC7}.Release|Any CPU.Build.0 = Release|Any CPU
		{6BAA081D-7FEC-421E-9749-9C554C340AAF}.Debug|Any CPU.ActiveCfg = Debug|Any CPU
		{6BAA081D-7FEC-421E-9749-9C554C340AAF}.Debug|Any CPU.Build.0 = Debug|Any CPU
		{6BAA081D-7FEC-421E-9749-9C554C340AAF}.Release|Any CPU.ActiveCfg = Release|Any CPU
		{6BAA081D-7FEC-421E-9749-9C554C340AAF}.Release|Any CPU.Build.0 = Release|Any CPU
		{5B4BC51A-D722-4114-A903-122E0A3BDFFA}.Debug|Any CPU.ActiveCfg = Debug|Any CPU
		{5B4BC51A-D722-4114-A903-122E0A3BDFFA}.Debug|Any CPU.Build.0 = Debug|Any CPU
		{5B4BC51A-D722-4114-A903-122E0A3BDFFA}.Release|Any CPU.ActiveCfg = Release|Any CPU
		{5B4BC51A-D722-4114-A903-122E0A3BDFFA}.Release|Any CPU.Build.0 = Release|Any CPU
		{CEB3EDA2-6AAF-4F1F-8E9D-5EBA328C64EA}.Debug|Any CPU.ActiveCfg = Debug|Any CPU
		{CEB3EDA2-6AAF-4F1F-8E9D-5EBA328C64EA}.Debug|Any CPU.Build.0 = Debug|Any CPU
		{CEB3EDA2-6AAF-4F1F-8E9D-5EBA328C64EA}.Release|Any CPU.ActiveCfg = Release|Any CPU
		{CEB3EDA2-6AAF-4F1F-8E9D-5EBA328C64EA}.Release|Any CPU.Build.0 = Release|Any CPU
		{3172A296-8C07-4ABE-9591-66A39CD34532}.Debug|Any CPU.ActiveCfg = Debug|Any CPU
		{3172A296-8C07-4ABE-9591-66A39CD34532}.Debug|Any CPU.Build.0 = Debug|Any CPU
		{3172A296-8C07-4ABE-9591-66A39CD34532}.Release|Any CPU.ActiveCfg = Release|Any CPU
		{3172A296-8C07-4ABE-9591-66A39CD34532}.Release|Any CPU.Build.0 = Release|Any CPU
		{FDBDC6FB-2456-48B6-B6C5-3AE40ABA8C4D}.Debug|Any CPU.ActiveCfg = Debug|Any CPU
		{FDBDC6FB-2456-48B6-B6C5-3AE40ABA8C4D}.Debug|Any CPU.Build.0 = Debug|Any CPU
		{FDBDC6FB-2456-48B6-B6C5-3AE40ABA8C4D}.Release|Any CPU.ActiveCfg = Release|Any CPU
		{FDBDC6FB-2456-48B6-B6C5-3AE40ABA8C4D}.Release|Any CPU.Build.0 = Release|Any CPU
	EndGlobalSection
	GlobalSection(SolutionProperties) = preSolution
		HideSolutionNode = FALSE
	EndGlobalSection
	GlobalSection(NestedProjects) = preSolution
		{E237EA85-F1A7-430A-BE14-26DD489B9B15} = {6C95DEA1-4A98-48A8-BE93-C12434A65533}
		{8459119E-7874-4ABE-8A40-4D365C671331} = {12ACD8DD-772A-4314-908F-6F15CC586745}
		{CE41BD58-D1BD-45C2-97DA-B2931E9CA66D} = {6C95DEA1-4A98-48A8-BE93-C12434A65533}
		{B7DDDCF2-5EB1-473C-BAA2-F9BA8AC6B58B} = {12ACD8DD-772A-4314-908F-6F15CC586745}
		{3D48221B-007F-469C-9351-999C6610E8AE} = {12ACD8DD-772A-4314-908F-6F15CC586745}
		{2116370F-9A30-43D6-9278-8FEC382CE3D4} = {6C95DEA1-4A98-48A8-BE93-C12434A65533}
		{BE358755-D66F-4DC2-A690-DC8A2550ECC7} = {12ACD8DD-772A-4314-908F-6F15CC586745}
		{6BAA081D-7FEC-421E-9749-9C554C340AAF} = {1625374F-87BF-46D2-81C8-7E892DD7DF2B}
		{5B4BC51A-D722-4114-A903-122E0A3BDFFA} = {12ACD8DD-772A-4314-908F-6F15CC586745}
		{CEB3EDA2-6AAF-4F1F-8E9D-5EBA328C64EA} = {99EE958F-5EA4-48EF-B4EA-07FDF1D5254B}
		{3172A296-8C07-4ABE-9591-66A39CD34532} = {6C95DEA1-4A98-48A8-BE93-C12434A65533}
		{FDBDC6FB-2456-48B6-B6C5-3AE40ABA8C4D} = {12ACD8DD-772A-4314-908F-6F15CC586745}
	EndGlobalSection
	GlobalSection(ExtensibilityGlobals) = postSolution
		SolutionGuid = {105F4945-AFA5-48EE-B830-E7C08C35DC0E}
	EndGlobalSection
EndGlobal
